
Microsoft Visual Studio Solution File, Format Version 12.00
# Visual Studio Version 17
VisualStudioVersion = 17.11.35303.130
MinimumVisualStudioVersion = 10.0.40219.1
Project("{9A19103F-16F7-4668-BE54-9A1E7A4F7556}") = "gwHEMS", "GWHEMS\gwHEMS.csproj", "{DE969FAC-D98C-4A69-84CD-F91AF2A48F31}"
	ProjectSection(ProjectDependencies) = postProject
		{3D20B53F-FB88-42DA-995D-6352DDD14305} = {3D20B53F-FB88-42DA-995D-6352DDD14305}
	EndProjectSection
EndProject
Project("{9A19103F-16F7-4668-BE54-9A1E7A4F7556}") = "gwTibber", "gwTibber\gwTibber.csproj", "{3D20B53F-FB88-42DA-995D-6352DDD14305}"
EndProject
Project("{9A19103F-16F7-4668-BE54-9A1E7A4F7556}") = "gwModbus", "gwModbus\gwModbus.csproj", "{31A03679-9161-4391-9DCB-03E792FA1AC8}"
EndProject
Project("{9A19103F-16F7-4668-BE54-9A1E7A4F7556}") = "gwEmail", "gwEmail\gwEmail.csproj", "{3583BFA1-A8A0-499D-9C45-EE824DB393DA}"
EndProject
Project("{9A19103F-16F7-4668-BE54-9A1E7A4F7556}") = "gwEnviline", "gwEnviline\gwEnviline.csproj", "{2EBCC9FE-366F-4B25-948A-BCC39C8DA1B9}"
EndProject
Project("{FAE04EC0-301F-11D3-BF4B-00C04F79EFBC}") = "gwLogging", "gwLogging\gwLogging.csproj", "{0B2D09BE-B500-432D-8D30-D79BBF651787}"
EndProject
Project("{FAE04EC0-301F-11D3-BF4B-00C04F79EFBC}") = "gwEVCharger", "gwEVCharger\gwEVCharger.csproj", "{3CB6193D-544B-9E65-9E96-C5C17D27B2B9}"
EndProject
Project("{FAE04EC0-301F-11D3-BF4B-00C04F79EFBC}") = "gwEdimax", "gwEdimax\gwEdimax.csproj", "{CAD1C797-6EF3-43DE-A743-27A4299E58C3}"
EndProject
Global
	GlobalSection(SolutionConfigurationPlatforms) = preSolution
		Debug|Any CPU = Debug|Any CPU
		Debug|ARM64 = Debug|ARM64
		Debug|x64 = Debug|x64
		Release|Any CPU = Release|Any CPU
		Release|ARM64 = Release|ARM64
		Release|x64 = Release|x64
	EndGlobalSection
	GlobalSection(ProjectConfigurationPlatforms) = postSolution
		{DE969FAC-D98C-4A69-84CD-F91AF2A48F31}.Debug|Any CPU.ActiveCfg = Debug|Any CPU
		{DE969FAC-D98C-4A69-84CD-F91AF2A48F31}.Debug|Any CPU.Build.0 = Debug|Any CPU
		{DE969FAC-D98C-4A69-84CD-F91AF2A48F31}.Debug|ARM64.ActiveCfg = Debug|ARM64
		{DE969FAC-D98C-4A69-84CD-F91AF2A48F31}.Debug|ARM64.Build.0 = Debug|ARM64
		{DE969FAC-D98C-4A69-84CD-F91AF2A48F31}.Debug|x64.ActiveCfg = Debug|x64
		{DE969FAC-D98C-4A69-84CD-F91AF2A48F31}.Debug|x64.Build.0 = Debug|x64
		{DE969FAC-D98C-4A69-84CD-F91AF2A48F31}.Release|Any CPU.ActiveCfg = Release|Any CPU
		{DE969FAC-D98C-4A69-84CD-F91AF2A48F31}.Release|Any CPU.Build.0 = Release|Any CPU
		{DE969FAC-D98C-4A69-84CD-F91AF2A48F31}.Release|ARM64.ActiveCfg = Release|ARM64
		{DE969FAC-D98C-4A69-84CD-F91AF2A48F31}.Release|ARM64.Build.0 = Release|ARM64
		{DE969FAC-D98C-4A69-84CD-F91AF2A48F31}.Release|x64.ActiveCfg = Release|x64
		{DE969FAC-D98C-4A69-84CD-F91AF2A48F31}.Release|x64.Build.0 = Release|x64
		{3D20B53F-FB88-42DA-995D-6352DDD14305}.Debug|Any CPU.ActiveCfg = Debug|Any CPU
		{3D20B53F-FB88-42DA-995D-6352DDD14305}.Debug|Any CPU.Build.0 = Debug|Any CPU
		{3D20B53F-FB88-42DA-995D-6352DDD14305}.Debug|ARM64.ActiveCfg = Debug|Any CPU
		{3D20B53F-FB88-42DA-995D-6352DDD14305}.Debug|ARM64.Build.0 = Debug|Any CPU
		{3D20B53F-FB88-42DA-995D-6352DDD14305}.Debug|x64.ActiveCfg = Debug|Any CPU
		{3D20B53F-FB88-42DA-995D-6352DDD14305}.Debug|x64.Build.0 = Debug|Any CPU
		{3D20B53F-FB88-42DA-995D-6352DDD14305}.Release|Any CPU.ActiveCfg = Release|Any CPU
		{3D20B53F-FB88-42DA-995D-6352DDD14305}.Release|Any CPU.Build.0 = Release|Any CPU
		{3D20B53F-FB88-42DA-995D-6352DDD14305}.Release|ARM64.ActiveCfg = Release|Any CPU
		{3D20B53F-FB88-42DA-995D-6352DDD14305}.Release|ARM64.Build.0 = Release|Any CPU
		{3D20B53F-FB88-42DA-995D-6352DDD14305}.Release|x64.ActiveCfg = Release|Any CPU
		{3D20B53F-FB88-42DA-995D-6352DDD14305}.Release|x64.Build.0 = Release|Any CPU
		{31A03679-9161-4391-9DCB-03E792FA1AC8}.Debug|Any CPU.ActiveCfg = Debug|Any CPU
		{31A03679-9161-4391-9DCB-03E792FA1AC8}.Debug|Any CPU.Build.0 = Debug|Any CPU
		{31A03679-9161-4391-9DCB-03E792FA1AC8}.Debug|ARM64.ActiveCfg = Debug|Any CPU
		{31A03679-9161-4391-9DCB-03E792FA1AC8}.Debug|ARM64.Build.0 = Debug|Any CPU
		{31A03679-9161-4391-9DCB-03E792FA1AC8}.Debug|x64.ActiveCfg = Debug|Any CPU
		{31A03679-9161-4391-9DCB-03E792FA1AC8}.Debug|x64.Build.0 = Debug|Any CPU
		{31A03679-9161-4391-9DCB-03E792FA1AC8}.Release|Any CPU.ActiveCfg = Release|Any CPU
		{31A03679-9161-4391-9DCB-03E792FA1AC8}.Release|Any CPU.Build.0 = Release|Any CPU
		{31A03679-9161-4391-9DCB-03E792FA1AC8}.Release|ARM64.ActiveCfg = Release|Any CPU
		{31A03679-9161-4391-9DCB-03E792FA1AC8}.Release|ARM64.Build.0 = Release|Any CPU
		{31A03679-9161-4391-9DCB-03E792FA1AC8}.Release|x64.ActiveCfg = Release|Any CPU
		{31A03679-9161-4391-9DCB-03E792FA1AC8}.Release|x64.Build.0 = Release|Any CPU
		{3583BFA1-A8A0-499D-9C45-EE824DB393DA}.Debug|Any CPU.ActiveCfg = Debug|Any CPU
		{3583BFA1-A8A0-499D-9C45-EE824DB393DA}.Debug|Any CPU.Build.0 = Debug|Any CPU
		{3583BFA1-A8A0-499D-9C45-EE824DB393DA}.Debug|ARM64.ActiveCfg = Debug|Any CPU
		{3583BFA1-A8A0-499D-9C45-EE824DB393DA}.Debug|ARM64.Build.0 = Debug|Any CPU
		{3583BFA1-A8A0-499D-9C45-EE824DB393DA}.Debug|x64.ActiveCfg = Debug|Any CPU
		{3583BFA1-A8A0-499D-9C45-EE824DB393DA}.Debug|x64.Build.0 = Debug|Any CPU
		{3583BFA1-A8A0-499D-9C45-EE824DB393DA}.Release|Any CPU.ActiveCfg = Release|Any CPU
		{3583BFA1-A8A0-499D-9C45-EE824DB393DA}.Release|Any CPU.Build.0 = Release|Any CPU
		{3583BFA1-A8A0-499D-9C45-EE824DB393DA}.Release|ARM64.ActiveCfg = Release|Any CPU
		{3583BFA1-A8A0-499D-9C45-EE824DB393DA}.Release|ARM64.Build.0 = Release|Any CPU
		{3583BFA1-A8A0-499D-9C45-EE824DB393DA}.Release|x64.ActiveCfg = Release|Any CPU
		{3583BFA1-A8A0-499D-9C45-EE824DB393DA}.Release|x64.Build.0 = Release|Any CPU
		{2EBCC9FE-366F-4B25-948A-BCC39C8DA1B9}.Debug|Any CPU.ActiveCfg = Debug|Any CPU
		{2EBCC9FE-366F-4B25-948A-BCC39C8DA1B9}.Debug|Any CPU.Build.0 = Debug|Any CPU
		{2EBCC9FE-366F-4B25-948A-BCC39C8DA1B9}.Debug|ARM64.ActiveCfg = Debug|Any CPU
		{2EBCC9FE-366F-4B25-948A-BCC39C8DA1B9}.Debug|ARM64.Build.0 = Debug|Any CPU
		{2EBCC9FE-366F-4B25-948A-BCC39C8DA1B9}.Debug|x64.ActiveCfg = Debug|Any CPU
		{2EBCC9FE-366F-4B25-948A-BCC39C8DA1B9}.Debug|x64.Build.0 = Debug|Any CPU
		{2EBCC9FE-366F-4B25-948A-BCC39C8DA1B9}.Release|Any CPU.ActiveCfg = Release|Any CPU
		{2EBCC9FE-366F-4B25-948A-BCC39C8DA1B9}.Release|Any CPU.Build.0 = Release|Any CPU
		{2EBCC9FE-366F-4B25-948A-BCC39C8DA1B9}.Release|ARM64.ActiveCfg = Release|Any CPU
		{2EBCC9FE-366F-4B25-948A-BCC39C8DA1B9}.Release|ARM64.Build.0 = Release|Any CPU
		{2EBCC9FE-366F-4B25-948A-BCC39C8DA1B9}.Release|x64.ActiveCfg = Release|Any CPU
		{2EBCC9FE-366F-4B25-948A-BCC39C8DA1B9}.Release|x64.Build.0 = Release|Any CPU
		{0B2D09BE-B500-432D-8D30-D79BBF651787}.Debug|Any CPU.ActiveCfg = Debug|Any CPU
		{0B2D09BE-B500-432D-8D30-D79BBF651787}.Debug|Any CPU.Build.0 = Debug|Any CPU
		{0B2D09BE-B500-432D-8D30-D79BBF651787}.Debug|ARM64.ActiveCfg = Debug|Any CPU
		{0B2D09BE-B500-432D-8D30-D79BBF651787}.Debug|ARM64.Build.0 = Debug|Any CPU
		{0B2D09BE-B500-432D-8D30-D79BBF651787}.Debug|x64.ActiveCfg = Debug|Any CPU
		{0B2D09BE-B500-432D-8D30-D79BBF651787}.Debug|x64.Build.0 = Debug|Any CPU
		{0B2D09BE-B500-432D-8D30-D79BBF651787}.Release|Any CPU.ActiveCfg = Release|Any CPU
		{0B2D09BE-B500-432D-8D30-D79BBF651787}.Release|Any CPU.Build.0 = Release|Any CPU
		{0B2D09BE-B500-432D-8D30-D79BBF651787}.Release|ARM64.ActiveCfg = Release|Any CPU
		{0B2D09BE-B500-432D-8D30-D79BBF651787}.Release|ARM64.Build.0 = Release|Any CPU
		{0B2D09BE-B500-432D-8D30-D79BBF651787}.Release|x64.ActiveCfg = Release|Any CPU
		{0B2D09BE-B500-432D-8D30-D79BBF651787}.Release|x64.Build.0 = Release|Any CPU
		{3CB6193D-544B-9E65-9E96-C5C17D27B2B9}.Debug|Any CPU.ActiveCfg = Debug|Any CPU
		{3CB6193D-544B-9E65-9E96-C5C17D27B2B9}.Debug|Any CPU.Build.0 = Debug|Any CPU
		{3CB6193D-544B-9E65-9E96-C5C17D27B2B9}.Debug|ARM64.ActiveCfg = Debug|Any CPU
		{3CB6193D-544B-9E65-9E96-C5C17D27B2B9}.Debug|ARM64.Build.0 = Debug|Any CPU
		{3CB6193D-544B-9E65-9E96-C5C17D27B2B9}.Debug|x64.ActiveCfg = Debug|Any CPU
		{3CB6193D-544B-9E65-9E96-C5C17D27B2B9}.Debug|x64.Build.0 = Debug|Any CPU
		{3CB6193D-544B-9E65-9E96-C5C17D27B2B9}.Release|Any CPU.ActiveCfg = Release|Any CPU
		{3CB6193D-544B-9E65-9E96-C5C17D27B2B9}.Release|Any CPU.Build.0 = Release|Any CPU
		{3CB6193D-544B-9E65-9E96-C5C17D27B2B9}.Release|ARM64.ActiveCfg = Release|Any CPU
		{3CB6193D-544B-9E65-9E96-C5C17D27B2B9}.Release|ARM64.Build.0 = Release|Any CPU
		{3CB6193D-544B-9E65-9E96-C5C17D27B2B9}.Release|x64.ActiveCfg = Release|Any CPU
		{3CB6193D-544B-9E65-9E96-C5C17D27B2B9}.Release|x64.Build.0 = Release|Any CPU
		{CAD1C797-6EF3-43DE-A743-27A4299E58C3}.Debug|Any CPU.ActiveCfg = Debug|Any CPU
		{CAD1C797-6EF3-43DE-A743-27A4299E58C3}.Debug|Any CPU.Build.0 = Debug|Any CPU
		{CAD1C797-6EF3-43DE-A743-27A4299E58C3}.Debug|ARM64.ActiveCfg = Debug|Any CPU
		{CAD1C797-6EF3-43DE-A743-27A4299E58C3}.Debug|ARM64.Build.0 = Debug|Any CPU
		{CAD1C797-6EF3-43DE-A743-27A4299E58C3}.Debug|x64.ActiveCfg = Debug|Any CPU
		{CAD1C797-6EF3-43DE-A743-27A4299E58C3}.Debug|x64.Build.0 = Debug|Any CPU
		{CAD1C797-6EF3-43DE-A743-27A4299E58C3}.Release|Any CPU.ActiveCfg = Release|Any CPU
		{CAD1C797-6EF3-43DE-A743-27A4299E58C3}.Release|Any CPU.Build.0 = Release|Any CPU
		{CAD1C797-6EF3-43DE-A743-27A4299E58C3}.Release|ARM64.ActiveCfg = Release|Any CPU
		{CAD1C797-6EF3-43DE-A743-27A4299E58C3}.Release|ARM64.Build.0 = Release|Any CPU
		{CAD1C797-6EF3-43DE-A743-27A4299E58C3}.Release|x64.ActiveCfg = Release|Any CPU
		{CAD1C797-6EF3-43DE-A743-27A4299E58C3}.Release|x64.Build.0 = Release|Any CPU
	EndGlobalSection
	GlobalSection(SolutionProperties) = preSolution
		HideSolutionNode = FALSE
	EndGlobalSection
	GlobalSection(ExtensibilityGlobals) = postSolution
		SolutionGuid = {B722E238-FE79-4563-987C-CB1E665FF120}
	EndGlobalSection
EndGlobal
